
Microsoft Visual Studio Solution File, Format Version 12.00
# Visual Studio Version 16
VisualStudioVersion = 16.0.29519.87
MinimumVisualStudioVersion = 10.0.40219.1
Project("{9A19103F-16F7-4668-BE54-9A1E7A4F7556}") = "HyperMathGrpcService", "dotnetcore\HyperMathGrpcService\HyperMathGrpcService.csproj", "{3E82084D-FBEF-4EB4-B8CD-E2B06186716E}"
EndProject
Project("{2150E333-8FDC-42A3-9474-1A3956D46DE8}") = ".NET Core", ".NET Core", "{40E26348-2423-4EE1-AA15-3313BB927C85}"
EndProject
Project("{2150E333-8FDC-42A3-9474-1A3956D46DE8}") = "Protos", "Protos", "{CDF9FD53-B8B6-4184-B671-6992154AF7DA}"
	ProjectSection(SolutionItems) = preProject
		dotnetcore\Protos\HyperMath.proto = dotnetcore\Protos\HyperMath.proto
	EndProjectSection
EndProject
Project("{9A19103F-16F7-4668-BE54-9A1E7A4F7556}") = "HyperMathGrpcClient", "dotnetcore\HyperMathGrpcClient\HyperMathGrpcClient.csproj", "{C8047E7C-075B-4430-82A8-09CF6F952F24}"
EndProject
Project("{2150E333-8FDC-42A3-9474-1A3956D46DE8}") = ".NET", ".NET", "{E65D2537-8374-4C5B-A78D-E01C24634489}"
EndProject
Project("{9A19103F-16F7-4668-BE54-9A1E7A4F7556}") = "HyperMathGrpcLegacyClient", "dotnet\HyperMathGrpcLegacyClient\HyperMathGrpcLegacyClient.csproj", "{EC4C276A-FA50-4F5F-8639-DE5FF944B30F}"
EndProject
Project("{9A19103F-16F7-4668-BE54-9A1E7A4F7556}") = "HyperMathGrpcLegacyService", "dotnet\HyperMathGrpcLegacyService\HyperMathGrpcLegacyService.csproj", "{3A9D025E-2ED7-4593-A3C6-08AAFCD2E5DE}"
EndProject
Project("{9A19103F-16F7-4668-BE54-9A1E7A4F7556}") = "HyperMathGrpcLegacyLibrary", "dotnet\HyperMathGrpcLegacyLibrary\HyperMathGrpcLegacyLibrary.csproj", "{2D54D46A-097E-469B-8BB5-4EECE6FD2C1D}"
EndProject
Project("{2150E333-8FDC-42A3-9474-1A3956D46DE8}") = "Protobuf.Net", "Protobuf.Net", "{2317DB48-B1FC-4EAD-B76A-6C3F4363D313}"
EndProject
Project("{2150E333-8FDC-42A3-9474-1A3956D46DE8}") = "Protos", "Protos", "{F9480668-9A16-4E8A-8206-2918B6EE520C}"
	ProjectSection(SolutionItems) = preProject
		Protos\HyperMath.proto = Protos\HyperMath.proto
	EndProjectSection
EndProject
Project("{9A19103F-16F7-4668-BE54-9A1E7A4F7556}") = "HyperMathProtobufNetGrpcClient", "pbnet\HyperMathProtobufNetGrpcClient\HyperMathProtobufNetGrpcClient.csproj", "{E80DF981-423B-4682-A564-CB9DD6EC142E}"
EndProject
Project("{9A19103F-16F7-4668-BE54-9A1E7A4F7556}") = "HyperMathProtobufNetGrpcLibrary", "pbnet\HyperMathProtobufNetGrpcLibrary\HyperMathProtobufNetGrpcLibrary.csproj", "{7E26D4B9-9D42-4875-B34B-1A45F2CFD8F1}"
EndProject
Project("{9A19103F-16F7-4668-BE54-9A1E7A4F7556}") = "HyperMathProtobufNetGrpcService", "pbnet\Scartati\HyperMathProtobufNetGrpcService\HyperMathProtobufNetGrpcService.csproj", "{CB96C043-0E9A-4087-A686-16B2865EABE5}"
EndProject
Project("{2150E333-8FDC-42A3-9474-1A3956D46DE8}") = ".BigDemo - Weather", ".BigDemo - Weather", "{BF29CC32-502D-47FB-9167-451EADD2BDBF}"
	ProjectSection(SolutionItems) = preProject
		WeatherDemo\Proto\weather.proto = WeatherDemo\Proto\weather.proto
	EndProjectSection
EndProject
Project("{2150E333-8FDC-42A3-9474-1A3956D46DE8}") = "gRPC", "gRPC", "{8E4A87AD-F6CE-41D8-BE7C-A3BC17E6438F}"
EndProject
Project("{2150E333-8FDC-42A3-9474-1A3956D46DE8}") = "Protobuf.Grpc", "Protobuf.Grpc", "{978921D5-66D5-4B68-976A-9D1AC85DAE2C}"
EndProject
Project("{2150E333-8FDC-42A3-9474-1A3956D46DE8}") = "Rest", "Rest", "{086A4664-62FB-4BE7-83F5-F1CCE0D827BB}"
EndProject
Project("{2150E333-8FDC-42A3-9474-1A3956D46DE8}") = "Solution Items", "Solution Items", "{14C9F692-E329-4F82-8921-AEC55B425A82}"
	ProjectSection(SolutionItems) = preProject
		.gitignore = .gitignore
	EndProjectSection
EndProject
Project("{9A19103F-16F7-4668-BE54-9A1E7A4F7556}") = "WeatherForecast.Rest.Client", "WeatherDemo\WeatherForecast.Rest.Client\WeatherForecast.Rest.Client.csproj", "{D093B18E-8EA2-4DAD-B548-C4BF93E73C9D}"
EndProject
Project("{9A19103F-16F7-4668-BE54-9A1E7A4F7556}") = "WeatherForecast.Rest.Server", "WeatherDemo\WeatherForecast.Rest.Server\WeatherForecast.Rest.Server.csproj", "{D435B1A1-AC72-4790-80D6-DF9C4D11CA64}"
EndProject
Project("{9A19103F-16F7-4668-BE54-9A1E7A4F7556}") = "WeatherForecast.Grpc.Protobuf.Client", "WeatherDemo\WeatherForecast.Grpc.Protobuf.Client\WeatherForecast.Grpc.Protobuf.Client.csproj", "{3F4DE598-7CC5-48A7-9513-EE818C2EA1CC}"
EndProject
Project("{9A19103F-16F7-4668-BE54-9A1E7A4F7556}") = "WeatherForecast.Grpc.Protobuf.Server", "WeatherDemo\WeatherForecast.Grpc.Protobuf.Server\WeatherForecast.Grpc.Protobuf.Server.csproj", "{877B956F-887E-4EE1-B92B-C6EF8FB3039E}"
EndProject
Project("{9A19103F-16F7-4668-BE54-9A1E7A4F7556}") = "WeatherForecast.Grpc.Client", "WeatherDemo\WeatherForecast.Grpc.Client\WeatherForecast.Grpc.Client.csproj", "{037087CC-AAAB-434D-AF91-3552D52AFC63}"
EndProject
Project("{9A19103F-16F7-4668-BE54-9A1E7A4F7556}") = "WeatherForecast.Grpc.ClientLib", "WeatherDemo\WeatherForecast.Grpc.ClientLib\WeatherForecast.Grpc.ClientLib.csproj", "{64443536-4A4E-43C8-9ADF-00E4F94FCDA4}"
EndProject
Project("{9A19103F-16F7-4668-BE54-9A1E7A4F7556}") = "WeatherForecast.Grpc.ClientServerStreaming", "WeatherDemo\WeatherForecast.Grpc.ClientServerStreaming\WeatherForecast.Grpc.ClientServerStreaming.csproj", "{5EDE4844-D0BD-4CB2-8D33-ECFD2E2ED93E}"
EndProject
Project("{9A19103F-16F7-4668-BE54-9A1E7A4F7556}") = "WeatherForecast.Grpc.HealthCheckClient", "WeatherDemo\WeatherForecast.Grpc.HealthCheckClient\WeatherForecast.Grpc.HealthCheckClient.csproj", "{95532589-AAE4-440F-96C5-D8EAFB7F35FF}"
EndProject
Project("{9A19103F-16F7-4668-BE54-9A1E7A4F7556}") = "WeatherForecast.Grpc.Server", "WeatherDemo\WeatherForecast.Grpc.Server\WeatherForecast.Grpc.Server.csproj", "{0060C980-2925-49CB-954F-18B1E14CE0A2}"
EndProject
Project("{9A19103F-16F7-4668-BE54-9A1E7A4F7556}") = "WeatherForecast.Grpc.StreamingClient", "WeatherDemo\WeatherForecast.Grpc.StreamingClient\WeatherForecast.Grpc.StreamingClient.csproj", "{89B15A86-2B37-49AF-9801-A432958DB7CF}"
EndProject
Project("{9A19103F-16F7-4668-BE54-9A1E7A4F7556}") = "WeatherForecast.Grpc.WebApp", "WeatherDemo\WeatherForecast.Grpc.WebApp\WeatherForecast.Grpc.WebApp.csproj", "{94861A39-DA09-4C32-A1BF-014BA19F54F9}"
EndProject
Project("{9A19103F-16F7-4668-BE54-9A1E7A4F7556}") = "WeatherForecast.Grpc.Shared", "WeatherDemo\WeatherForecast.Grpc.Shared\WeatherForecast.Grpc.Shared.csproj", "{90F2E143-AC70-44F4-82D6-816DEEF70DBF}"
EndProject
Project("{2150E333-8FDC-42A3-9474-1A3956D46DE8}") = "Magic", "Magic", "{EF731AAE-CD40-470F-A625-023A2B3F85BC}"
EndProject
Project("{FAE04EC0-301F-11D3-BF4B-00C04F79EFBC}") = "HyperMathGrpcMagicClient", "magiconion\HyperMathGrpcMagicClient\HyperMathGrpcMagicClient.csproj", "{07689E75-3DEB-408D-BF33-6085EB5D13EB}"
EndProject
Project("{FAE04EC0-301F-11D3-BF4B-00C04F79EFBC}") = "HyperMathGrpcMagicService", "magiconion\HyperMathGrpcMagicService\HyperMathGrpcMagicService.csproj", "{38FB3B94-1304-4AE3-9DE7-A53D0A67BCD0}"
EndProject
Project("{FAE04EC0-301F-11D3-BF4B-00C04F79EFBC}") = "HyperMathGrpcMagicShared", "magiconion\HyperMathGrpcMagicShared\HyperMathGrpcMagicShared.csproj", "{2CEAA4CE-3D50-4801-9C79-84B6E3A8F238}"
EndProject
Project("{FAE04EC0-301F-11D3-BF4B-00C04F79EFBC}") = "HyperMathGrpcMagicServiceHost", "magiconion\HyperMathGrpcMagicServiceHost\HyperMathGrpcMagicServiceHost.csproj", "{855D278B-E145-4478-AEA3-F408003561EF}"
EndProject
Project("{FAE04EC0-301F-11D3-BF4B-00C04F79EFBC}") = "HyperMathGrpcMagicChatService", "magiconion\HyperMathGrpcMagicChatService\HyperMathGrpcMagicChatService.csproj", "{45EC8C7C-CB1D-4A9A-A9AE-3FD07E0766D9}"
EndProject
Project("{FAE04EC0-301F-11D3-BF4B-00C04F79EFBC}") = "HyperMathGrpcMagicChatShared", "magiconion\HyperMathGrpcMagicChatShared\HyperMathGrpcMagicChatShared.csproj", "{CCE55F6F-5DC1-4AD7-AB05-CF7892ABCCE5}"
EndProject
Project("{FAE04EC0-301F-11D3-BF4B-00C04F79EFBC}") = "HyperMathGrpcMagicChatClient", "magiconion\HyperMathGrpcMagicChatClient\HyperMathGrpcMagicChatClient.csproj", "{E2246AC0-6DBA-4333-894F-CB46D727173A}"
EndProject
Project("{2150E333-8FDC-42A3-9474-1A3956D46DE8}") = "StreamingHub", "StreamingHub", "{7A7620BA-2820-4430-9878-3D4E292B9378}"
EndProject
Project("{2150E333-8FDC-42A3-9474-1A3956D46DE8}") = "Magic", "Magic", "{FAC098E6-A955-4CCA-8A74-893236CE6C1E}"
EndProject
Project("{FAE04EC0-301F-11D3-BF4B-00C04F79EFBC}") = "WeatherForecast.Magic.Client", "WeatherDemo\WeatherForecast.Magic.Client\WeatherForecast.Magic.Client.csproj", "{976AE59B-B82D-4530-8469-4CCF6FA3693A}"
EndProject
Project("{FAE04EC0-301F-11D3-BF4B-00C04F79EFBC}") = "WeatherForecast.Magic.Server", "WeatherDemo\WeatherForecast.Magic.Server\WeatherForecast.Magic.Server.csproj", "{F2FB6EE9-D9AA-4857-A0AA-7E1C3529B21D}"
EndProject
Project("{FAE04EC0-301F-11D3-BF4B-00C04F79EFBC}") = "WeatherForecast.Magic.Shared", "WeatherDemo\WeatherForecast.Magic.Shared\WeatherForecast.Magic.Shared.csproj", "{4C1CC6EA-F8AB-4B6D-88CC-53F593D36132}"
EndProject
Global
	GlobalSection(SolutionConfigurationPlatforms) = preSolution
		Debug|Any CPU = Debug|Any CPU
		Release|Any CPU = Release|Any CPU
	EndGlobalSection
	GlobalSection(ProjectConfigurationPlatforms) = postSolution
		{3E82084D-FBEF-4EB4-B8CD-E2B06186716E}.Debug|Any CPU.ActiveCfg = Debug|Any CPU
		{3E82084D-FBEF-4EB4-B8CD-E2B06186716E}.Debug|Any CPU.Build.0 = Debug|Any CPU
		{3E82084D-FBEF-4EB4-B8CD-E2B06186716E}.Release|Any CPU.ActiveCfg = Release|Any CPU
		{3E82084D-FBEF-4EB4-B8CD-E2B06186716E}.Release|Any CPU.Build.0 = Release|Any CPU
		{C8047E7C-075B-4430-82A8-09CF6F952F24}.Debug|Any CPU.ActiveCfg = Debug|Any CPU
		{C8047E7C-075B-4430-82A8-09CF6F952F24}.Debug|Any CPU.Build.0 = Debug|Any CPU
		{C8047E7C-075B-4430-82A8-09CF6F952F24}.Release|Any CPU.ActiveCfg = Release|Any CPU
		{C8047E7C-075B-4430-82A8-09CF6F952F24}.Release|Any CPU.Build.0 = Release|Any CPU
		{EC4C276A-FA50-4F5F-8639-DE5FF944B30F}.Debug|Any CPU.ActiveCfg = Debug|Any CPU
		{EC4C276A-FA50-4F5F-8639-DE5FF944B30F}.Debug|Any CPU.Build.0 = Debug|Any CPU
		{EC4C276A-FA50-4F5F-8639-DE5FF944B30F}.Release|Any CPU.ActiveCfg = Release|Any CPU
		{EC4C276A-FA50-4F5F-8639-DE5FF944B30F}.Release|Any CPU.Build.0 = Release|Any CPU
		{3A9D025E-2ED7-4593-A3C6-08AAFCD2E5DE}.Debug|Any CPU.ActiveCfg = Debug|Any CPU
		{3A9D025E-2ED7-4593-A3C6-08AAFCD2E5DE}.Debug|Any CPU.Build.0 = Debug|Any CPU
		{3A9D025E-2ED7-4593-A3C6-08AAFCD2E5DE}.Release|Any CPU.ActiveCfg = Release|Any CPU
		{3A9D025E-2ED7-4593-A3C6-08AAFCD2E5DE}.Release|Any CPU.Build.0 = Release|Any CPU
		{2D54D46A-097E-469B-8BB5-4EECE6FD2C1D}.Debug|Any CPU.ActiveCfg = Debug|Any CPU
		{2D54D46A-097E-469B-8BB5-4EECE6FD2C1D}.Debug|Any CPU.Build.0 = Debug|Any CPU
		{2D54D46A-097E-469B-8BB5-4EECE6FD2C1D}.Release|Any CPU.ActiveCfg = Release|Any CPU
		{2D54D46A-097E-469B-8BB5-4EECE6FD2C1D}.Release|Any CPU.Build.0 = Release|Any CPU
		{E80DF981-423B-4682-A564-CB9DD6EC142E}.Debug|Any CPU.ActiveCfg = Debug|Any CPU
		{E80DF981-423B-4682-A564-CB9DD6EC142E}.Debug|Any CPU.Build.0 = Debug|Any CPU
		{E80DF981-423B-4682-A564-CB9DD6EC142E}.Release|Any CPU.ActiveCfg = Release|Any CPU
		{E80DF981-423B-4682-A564-CB9DD6EC142E}.Release|Any CPU.Build.0 = Release|Any CPU
		{7E26D4B9-9D42-4875-B34B-1A45F2CFD8F1}.Debug|Any CPU.ActiveCfg = Debug|Any CPU
		{7E26D4B9-9D42-4875-B34B-1A45F2CFD8F1}.Debug|Any CPU.Build.0 = Debug|Any CPU
		{7E26D4B9-9D42-4875-B34B-1A45F2CFD8F1}.Release|Any CPU.ActiveCfg = Release|Any CPU
		{7E26D4B9-9D42-4875-B34B-1A45F2CFD8F1}.Release|Any CPU.Build.0 = Release|Any CPU
		{CB96C043-0E9A-4087-A686-16B2865EABE5}.Debug|Any CPU.ActiveCfg = Debug|Any CPU
		{CB96C043-0E9A-4087-A686-16B2865EABE5}.Debug|Any CPU.Build.0 = Debug|Any CPU
		{CB96C043-0E9A-4087-A686-16B2865EABE5}.Release|Any CPU.ActiveCfg = Release|Any CPU
		{CB96C043-0E9A-4087-A686-16B2865EABE5}.Release|Any CPU.Build.0 = Release|Any CPU
		{D093B18E-8EA2-4DAD-B548-C4BF93E73C9D}.Debug|Any CPU.ActiveCfg = Debug|Any CPU
		{D093B18E-8EA2-4DAD-B548-C4BF93E73C9D}.Debug|Any CPU.Build.0 = Debug|Any CPU
		{D093B18E-8EA2-4DAD-B548-C4BF93E73C9D}.Release|Any CPU.ActiveCfg = Release|Any CPU
		{D093B18E-8EA2-4DAD-B548-C4BF93E73C9D}.Release|Any CPU.Build.0 = Release|Any CPU
		{D435B1A1-AC72-4790-80D6-DF9C4D11CA64}.Debug|Any CPU.ActiveCfg = Debug|Any CPU
		{D435B1A1-AC72-4790-80D6-DF9C4D11CA64}.Debug|Any CPU.Build.0 = Debug|Any CPU
		{D435B1A1-AC72-4790-80D6-DF9C4D11CA64}.Release|Any CPU.ActiveCfg = Release|Any CPU
		{D435B1A1-AC72-4790-80D6-DF9C4D11CA64}.Release|Any CPU.Build.0 = Release|Any CPU
		{3F4DE598-7CC5-48A7-9513-EE818C2EA1CC}.Debug|Any CPU.ActiveCfg = Debug|Any CPU
		{3F4DE598-7CC5-48A7-9513-EE818C2EA1CC}.Debug|Any CPU.Build.0 = Debug|Any CPU
		{3F4DE598-7CC5-48A7-9513-EE818C2EA1CC}.Release|Any CPU.ActiveCfg = Release|Any CPU
		{3F4DE598-7CC5-48A7-9513-EE818C2EA1CC}.Release|Any CPU.Build.0 = Release|Any CPU
		{877B956F-887E-4EE1-B92B-C6EF8FB3039E}.Debug|Any CPU.ActiveCfg = Debug|Any CPU
		{877B956F-887E-4EE1-B92B-C6EF8FB3039E}.Debug|Any CPU.Build.0 = Debug|Any CPU
		{877B956F-887E-4EE1-B92B-C6EF8FB3039E}.Release|Any CPU.ActiveCfg = Release|Any CPU
		{877B956F-887E-4EE1-B92B-C6EF8FB3039E}.Release|Any CPU.Build.0 = Release|Any CPU
		{037087CC-AAAB-434D-AF91-3552D52AFC63}.Debug|Any CPU.ActiveCfg = Debug|Any CPU
		{037087CC-AAAB-434D-AF91-3552D52AFC63}.Debug|Any CPU.Build.0 = Debug|Any CPU
		{037087CC-AAAB-434D-AF91-3552D52AFC63}.Release|Any CPU.ActiveCfg = Release|Any CPU
		{037087CC-AAAB-434D-AF91-3552D52AFC63}.Release|Any CPU.Build.0 = Release|Any CPU
		{64443536-4A4E-43C8-9ADF-00E4F94FCDA4}.Debug|Any CPU.ActiveCfg = Debug|Any CPU
		{64443536-4A4E-43C8-9ADF-00E4F94FCDA4}.Debug|Any CPU.Build.0 = Debug|Any CPU
		{64443536-4A4E-43C8-9ADF-00E4F94FCDA4}.Release|Any CPU.ActiveCfg = Release|Any CPU
		{64443536-4A4E-43C8-9ADF-00E4F94FCDA4}.Release|Any CPU.Build.0 = Release|Any CPU
		{5EDE4844-D0BD-4CB2-8D33-ECFD2E2ED93E}.Debug|Any CPU.ActiveCfg = Debug|Any CPU
		{5EDE4844-D0BD-4CB2-8D33-ECFD2E2ED93E}.Debug|Any CPU.Build.0 = Debug|Any CPU
		{5EDE4844-D0BD-4CB2-8D33-ECFD2E2ED93E}.Release|Any CPU.ActiveCfg = Release|Any CPU
		{5EDE4844-D0BD-4CB2-8D33-ECFD2E2ED93E}.Release|Any CPU.Build.0 = Release|Any CPU
		{95532589-AAE4-440F-96C5-D8EAFB7F35FF}.Debug|Any CPU.ActiveCfg = Debug|Any CPU
		{95532589-AAE4-440F-96C5-D8EAFB7F35FF}.Debug|Any CPU.Build.0 = Debug|Any CPU
		{95532589-AAE4-440F-96C5-D8EAFB7F35FF}.Release|Any CPU.ActiveCfg = Release|Any CPU
		{95532589-AAE4-440F-96C5-D8EAFB7F35FF}.Release|Any CPU.Build.0 = Release|Any CPU
		{0060C980-2925-49CB-954F-18B1E14CE0A2}.Debug|Any CPU.ActiveCfg = Debug|Any CPU
		{0060C980-2925-49CB-954F-18B1E14CE0A2}.Debug|Any CPU.Build.0 = Debug|Any CPU
		{0060C980-2925-49CB-954F-18B1E14CE0A2}.Release|Any CPU.ActiveCfg = Release|Any CPU
		{0060C980-2925-49CB-954F-18B1E14CE0A2}.Release|Any CPU.Build.0 = Release|Any CPU
		{89B15A86-2B37-49AF-9801-A432958DB7CF}.Debug|Any CPU.ActiveCfg = Debug|Any CPU
		{89B15A86-2B37-49AF-9801-A432958DB7CF}.Debug|Any CPU.Build.0 = Debug|Any CPU
		{89B15A86-2B37-49AF-9801-A432958DB7CF}.Release|Any CPU.ActiveCfg = Release|Any CPU
		{89B15A86-2B37-49AF-9801-A432958DB7CF}.Release|Any CPU.Build.0 = Release|Any CPU
		{94861A39-DA09-4C32-A1BF-014BA19F54F9}.Debug|Any CPU.ActiveCfg = Debug|Any CPU
		{94861A39-DA09-4C32-A1BF-014BA19F54F9}.Debug|Any CPU.Build.0 = Debug|Any CPU
		{94861A39-DA09-4C32-A1BF-014BA19F54F9}.Release|Any CPU.ActiveCfg = Release|Any CPU
		{94861A39-DA09-4C32-A1BF-014BA19F54F9}.Release|Any CPU.Build.0 = Release|Any CPU
		{90F2E143-AC70-44F4-82D6-816DEEF70DBF}.Debug|Any CPU.ActiveCfg = Debug|Any CPU
		{90F2E143-AC70-44F4-82D6-816DEEF70DBF}.Debug|Any CPU.Build.0 = Debug|Any CPU
		{90F2E143-AC70-44F4-82D6-816DEEF70DBF}.Release|Any CPU.ActiveCfg = Release|Any CPU
		{90F2E143-AC70-44F4-82D6-816DEEF70DBF}.Release|Any CPU.Build.0 = Release|Any CPU
		{07689E75-3DEB-408D-BF33-6085EB5D13EB}.Debug|Any CPU.ActiveCfg = Debug|Any CPU
		{07689E75-3DEB-408D-BF33-6085EB5D13EB}.Debug|Any CPU.Build.0 = Debug|Any CPU
		{07689E75-3DEB-408D-BF33-6085EB5D13EB}.Release|Any CPU.ActiveCfg = Release|Any CPU
		{07689E75-3DEB-408D-BF33-6085EB5D13EB}.Release|Any CPU.Build.0 = Release|Any CPU
		{38FB3B94-1304-4AE3-9DE7-A53D0A67BCD0}.Debug|Any CPU.ActiveCfg = Debug|Any CPU
		{38FB3B94-1304-4AE3-9DE7-A53D0A67BCD0}.Debug|Any CPU.Build.0 = Debug|Any CPU
		{38FB3B94-1304-4AE3-9DE7-A53D0A67BCD0}.Release|Any CPU.ActiveCfg = Release|Any CPU
		{38FB3B94-1304-4AE3-9DE7-A53D0A67BCD0}.Release|Any CPU.Build.0 = Release|Any CPU
		{2CEAA4CE-3D50-4801-9C79-84B6E3A8F238}.Debug|Any CPU.ActiveCfg = Debug|Any CPU
		{2CEAA4CE-3D50-4801-9C79-84B6E3A8F238}.Debug|Any CPU.Build.0 = Debug|Any CPU
		{2CEAA4CE-3D50-4801-9C79-84B6E3A8F238}.Release|Any CPU.ActiveCfg = Release|Any CPU
		{2CEAA4CE-3D50-4801-9C79-84B6E3A8F238}.Release|Any CPU.Build.0 = Release|Any CPU
		{855D278B-E145-4478-AEA3-F408003561EF}.Debug|Any CPU.ActiveCfg = Debug|Any CPU
		{855D278B-E145-4478-AEA3-F408003561EF}.Debug|Any CPU.Build.0 = Debug|Any CPU
		{855D278B-E145-4478-AEA3-F408003561EF}.Release|Any CPU.ActiveCfg = Release|Any CPU
		{855D278B-E145-4478-AEA3-F408003561EF}.Release|Any CPU.Build.0 = Release|Any CPU
		{45EC8C7C-CB1D-4A9A-A9AE-3FD07E0766D9}.Debug|Any CPU.ActiveCfg = Debug|Any CPU
		{45EC8C7C-CB1D-4A9A-A9AE-3FD07E0766D9}.Debug|Any CPU.Build.0 = Debug|Any CPU
		{45EC8C7C-CB1D-4A9A-A9AE-3FD07E0766D9}.Release|Any CPU.ActiveCfg = Release|Any CPU
		{45EC8C7C-CB1D-4A9A-A9AE-3FD07E0766D9}.Release|Any CPU.Build.0 = Release|Any CPU
		{CCE55F6F-5DC1-4AD7-AB05-CF7892ABCCE5}.Debug|Any CPU.ActiveCfg = Debug|Any CPU
		{CCE55F6F-5DC1-4AD7-AB05-CF7892ABCCE5}.Debug|Any CPU.Build.0 = Debug|Any CPU
		{CCE55F6F-5DC1-4AD7-AB05-CF7892ABCCE5}.Release|Any CPU.ActiveCfg = Release|Any CPU
		{CCE55F6F-5DC1-4AD7-AB05-CF7892ABCCE5}.Release|Any CPU.Build.0 = Release|Any CPU
		{E2246AC0-6DBA-4333-894F-CB46D727173A}.Debug|Any CPU.ActiveCfg = Debug|Any CPU
		{E2246AC0-6DBA-4333-894F-CB46D727173A}.Debug|Any CPU.Build.0 = Debug|Any CPU
		{E2246AC0-6DBA-4333-894F-CB46D727173A}.Release|Any CPU.ActiveCfg = Release|Any CPU
		{E2246AC0-6DBA-4333-894F-CB46D727173A}.Release|Any CPU.Build.0 = Release|Any CPU
		{976AE59B-B82D-4530-8469-4CCF6FA3693A}.Debug|Any CPU.ActiveCfg = Debug|Any CPU
		{976AE59B-B82D-4530-8469-4CCF6FA3693A}.Debug|Any CPU.Build.0 = Debug|Any CPU
		{976AE59B-B82D-4530-8469-4CCF6FA3693A}.Release|Any CPU.ActiveCfg = Release|Any CPU
		{976AE59B-B82D-4530-8469-4CCF6FA3693A}.Release|Any CPU.Build.0 = Release|Any CPU
		{F2FB6EE9-D9AA-4857-A0AA-7E1C3529B21D}.Debug|Any CPU.ActiveCfg = Debug|Any CPU
		{F2FB6EE9-D9AA-4857-A0AA-7E1C3529B21D}.Debug|Any CPU.Build.0 = Debug|Any CPU
		{F2FB6EE9-D9AA-4857-A0AA-7E1C3529B21D}.Release|Any CPU.ActiveCfg = Release|Any CPU
		{F2FB6EE9-D9AA-4857-A0AA-7E1C3529B21D}.Release|Any CPU.Build.0 = Release|Any CPU
		{4C1CC6EA-F8AB-4B6D-88CC-53F593D36132}.Debug|Any CPU.ActiveCfg = Debug|Any CPU
		{4C1CC6EA-F8AB-4B6D-88CC-53F593D36132}.Debug|Any CPU.Build.0 = Debug|Any CPU
		{4C1CC6EA-F8AB-4B6D-88CC-53F593D36132}.Release|Any CPU.ActiveCfg = Release|Any CPU
		{4C1CC6EA-F8AB-4B6D-88CC-53F593D36132}.Release|Any CPU.Build.0 = Release|Any CPU
	EndGlobalSection
	GlobalSection(SolutionProperties) = preSolution
		HideSolutionNode = FALSE
	EndGlobalSection
	GlobalSection(NestedProjects) = preSolution
		{3E82084D-FBEF-4EB4-B8CD-E2B06186716E} = {40E26348-2423-4EE1-AA15-3313BB927C85}
		{CDF9FD53-B8B6-4184-B671-6992154AF7DA} = {40E26348-2423-4EE1-AA15-3313BB927C85}
		{C8047E7C-075B-4430-82A8-09CF6F952F24} = {40E26348-2423-4EE1-AA15-3313BB927C85}
		{EC4C276A-FA50-4F5F-8639-DE5FF944B30F} = {E65D2537-8374-4C5B-A78D-E01C24634489}
		{3A9D025E-2ED7-4593-A3C6-08AAFCD2E5DE} = {E65D2537-8374-4C5B-A78D-E01C24634489}
		{2D54D46A-097E-469B-8BB5-4EECE6FD2C1D} = {E65D2537-8374-4C5B-A78D-E01C24634489}
		{E80DF981-423B-4682-A564-CB9DD6EC142E} = {2317DB48-B1FC-4EAD-B76A-6C3F4363D313}
		{7E26D4B9-9D42-4875-B34B-1A45F2CFD8F1} = {2317DB48-B1FC-4EAD-B76A-6C3F4363D313}
		{CB96C043-0E9A-4087-A686-16B2865EABE5} = {2317DB48-B1FC-4EAD-B76A-6C3F4363D313}
		{8E4A87AD-F6CE-41D8-BE7C-A3BC17E6438F} = {BF29CC32-502D-47FB-9167-451EADD2BDBF}
		{978921D5-66D5-4B68-976A-9D1AC85DAE2C} = {BF29CC32-502D-47FB-9167-451EADD2BDBF}
		{086A4664-62FB-4BE7-83F5-F1CCE0D827BB} = {BF29CC32-502D-47FB-9167-451EADD2BDBF}
		{D093B18E-8EA2-4DAD-B548-C4BF93E73C9D} = {086A4664-62FB-4BE7-83F5-F1CCE0D827BB}
		{D435B1A1-AC72-4790-80D6-DF9C4D11CA64} = {086A4664-62FB-4BE7-83F5-F1CCE0D827BB}
		{3F4DE598-7CC5-48A7-9513-EE818C2EA1CC} = {978921D5-66D5-4B68-976A-9D1AC85DAE2C}
		{877B956F-887E-4EE1-B92B-C6EF8FB3039E} = {978921D5-66D5-4B68-976A-9D1AC85DAE2C}
		{037087CC-AAAB-434D-AF91-3552D52AFC63} = {8E4A87AD-F6CE-41D8-BE7C-A3BC17E6438F}
		{64443536-4A4E-43C8-9ADF-00E4F94FCDA4} = {8E4A87AD-F6CE-41D8-BE7C-A3BC17E6438F}
		{5EDE4844-D0BD-4CB2-8D33-ECFD2E2ED93E} = {8E4A87AD-F6CE-41D8-BE7C-A3BC17E6438F}
		{95532589-AAE4-440F-96C5-D8EAFB7F35FF} = {8E4A87AD-F6CE-41D8-BE7C-A3BC17E6438F}
		{0060C980-2925-49CB-954F-18B1E14CE0A2} = {8E4A87AD-F6CE-41D8-BE7C-A3BC17E6438F}
		{89B15A86-2B37-49AF-9801-A432958DB7CF} = {8E4A87AD-F6CE-41D8-BE7C-A3BC17E6438F}
		{94861A39-DA09-4C32-A1BF-014BA19F54F9} = {8E4A87AD-F6CE-41D8-BE7C-A3BC17E6438F}
		{90F2E143-AC70-44F4-82D6-816DEEF70DBF} = {978921D5-66D5-4B68-976A-9D1AC85DAE2C}
		{07689E75-3DEB-408D-BF33-6085EB5D13EB} = {EF731AAE-CD40-470F-A625-023A2B3F85BC}
		{38FB3B94-1304-4AE3-9DE7-A53D0A67BCD0} = {EF731AAE-CD40-470F-A625-023A2B3F85BC}
		{2CEAA4CE-3D50-4801-9C79-84B6E3A8F238} = {EF731AAE-CD40-470F-A625-023A2B3F85BC}
		{855D278B-E145-4478-AEA3-F408003561EF} = {EF731AAE-CD40-470F-A625-023A2B3F85BC}
		{45EC8C7C-CB1D-4A9A-A9AE-3FD07E0766D9} = {7A7620BA-2820-4430-9878-3D4E292B9378}
		{CCE55F6F-5DC1-4AD7-AB05-CF7892ABCCE5} = {7A7620BA-2820-4430-9878-3D4E292B9378}
		{E2246AC0-6DBA-4333-894F-CB46D727173A} = {7A7620BA-2820-4430-9878-3D4E292B9378}
		{7A7620BA-2820-4430-9878-3D4E292B9378} = {EF731AAE-CD40-470F-A625-023A2B3F85BC}
		{FAC098E6-A955-4CCA-8A74-893236CE6C1E} = {BF29CC32-502D-47FB-9167-451EADD2BDBF}
		{976AE59B-B82D-4530-8469-4CCF6FA3693A} = {FAC098E6-A955-4CCA-8A74-893236CE6C1E}
		{F2FB6EE9-D9AA-4857-A0AA-7E1C3529B21D} = {FAC098E6-A955-4CCA-8A74-893236CE6C1E}
		{4C1CC6EA-F8AB-4B6D-88CC-53F593D36132} = {FAC098E6-A955-4CCA-8A74-893236CE6C1E}
	EndGlobalSection
	GlobalSection(ExtensibilityGlobals) = postSolution
		SolutionGuid = {43A092D3-CBE0-457B-A92D-AC0CE47F77A2}
	EndGlobalSection
EndGlobal
